
Microsoft Visual Studio Solution File, Format Version 12.00
# Visual Studio Version 17
VisualStudioVersion = 17.4.33110.190
MinimumVisualStudioVersion = 10.0.40219.1
Project("{FAE04EC0-301F-11D3-BF4B-00C04F79EFBC}") = "Test.Api.Host", "Test.Api.Host\Test.Api.Host.csproj", "{F95AE03A-F3C4-48BD-8712-C485BEF74505}"
EndProject
Global
	GlobalSection(SolutionConfigurationPlatforms) = preSolution
		Debug|Any CPU = Debug|Any CPU
		Release|Any CPU = Release|Any CPU
	EndGlobalSection
	GlobalSection(ProjectConfigurationPlatforms) = postSolution
		{F95AE03A-F3C4-48BD-8712-C485BEF74505}.Debug|Any CPU.ActiveCfg = Debug|Any CPU
		{F95AE03A-F3C4-48BD-8712-C485BEF74505}.Debug|Any CPU.Build.0 = Debug|Any CPU
		{F95AE03A-F3C4-48BD-8712-C485BEF74505}.Release|Any CPU.ActiveCfg = Release|Any CPU
		{F95AE03A-F3C4-48BD-8712-C485BEF74505}.Release|Any CPU.Build.0 = Release|Any CPU
	EndGlobalSection
	GlobalSection(SolutionProperties) = preSolution
		HideSolutionNode = FALSE
	EndGlobalSection
	GlobalSection(ExtensibilityGlobals) = postSolution
		SolutionGuid = {E87F2D66-D9D8-4ABE-B850-8E07E1B3066E}
	EndGlobalSection
EndGlobal
